
Microsoft Visual Studio Solution File, Format Version 12.00
# Visual Studio 2012
Project("{FAE04EC0-301F-11D3-BF4B-00C04F79EFBC}") = "Jasmine", "Jasmine\Jasmine.csproj", "{EE048220-E66A-47FD-BFA2-47635EB62157}"
EndProject
Global
	GlobalSection(SolutionConfigurationPlatforms) = preSolution
		Debug|Any CPU = Debug|Any CPU
		Release|Any CPU = Release|Any CPU
	EndGlobalSection
	GlobalSection(ProjectConfigurationPlatforms) = postSolution
		{EE048220-E66A-47FD-BFA2-47635EB62157}.Debug|Any CPU.ActiveCfg = Debug|Any CPU
		{EE048220-E66A-47FD-BFA2-47635EB62157}.Debug|Any CPU.Build.0 = Debug|Any CPU
		{EE048220-E66A-47FD-BFA2-47635EB62157}.Release|Any CPU.ActiveCfg = Release|Any CPU
		{EE048220-E66A-47FD-BFA2-47635EB62157}.Release|Any CPU.Build.0 = Release|Any CPU
	EndGlobalSection
	GlobalSection(SolutionProperties) = preSolution
		HideSolutionNode = FALSE
	EndGlobalSection
EndGlobal
